<?xml version="1.0" encoding="utf-8"?>
<Project ToolsVersion="4.0" xmlns="http://schemas.microsoft.com/developer/msbuild/2003">
  <ItemGroup>
    <Filter Include="Source Files">
      <UniqueIdentifier>{4FC737F1-C7A5-4376-A066-2A32D752A2FF}</UniqueIdentifier>
      <Extensions>cpp;c;cc;cxx;def;odl;idl;hpj;bat;asm;asmx</Extensions>
    </Filter>
    <Filter Include="Header Files">
      <UniqueIdentifier>{93995380-89BD-4b04-88EB-625FBE52EBFB}</UniqueIdentifier>
      <Extensions>h;hh;hpp;hxx;hm;inl;inc;xsd</Extensions>
    </Filter>
    <Filter Include="Resource Files">
      <UniqueIdentifier>{67DA6AB6-F800-4c08-8B7A-83BB121AAD01}</UniqueIdentifier>
      <Extensions>rc;ico;cur;bmp;dlg;rc2;rct;bin;rgs;gif;jpg;jpeg;jpe;resx;tiff;tif;png;wav;mfcribbon-ms</Extensions>
    </Filter>
  </ItemGroup>
  <ItemGroup>
    <Text Include="ReadMe.txt" />
  </ItemGroup>
  <ItemGroup>
    <ClInclude Include="stdafx.h">
      <Filter>Header Files</Filter>
    </ClInclude>
    <ClInclude Include="targetver.h">
      <Filter>Header Files</Filter>
    </ClInclude>
    <ClInclude Include="Utility.h">
      <Filter>Header Files</Filter>
    </ClInclude>
    <ClInclude Include="Model.h">
      <Filter>Header Files</Filter>
    </ClInclude>
    <ClInclude Include="Constants.h">
      <Filter>Header Files</Filter>
    </ClInclude>
    <ClInclude Include="UIButton.h">
      <Filter>Header Files</Filter>
    </ClInclude>
    <ClInclude Include="Camera.h">
      <Filter>Header Files</Filter>
    </ClInclude>
    <ClInclude Include="Map.h">
      <Filter>Header Files</Filter>
    </ClInclude>
    <ClInclude Include="MapObject.h">
      <Filter>Header Files</Filter>
    </ClInclude>
    <ClInclude Include="MOEmpty.h">
      <Filter>Header Files</Filter>
    </ClInclude>
    <ClInclude Include="MOWall.h">
      <Filter>Header Files</Filter>
    </ClInclude>
    <ClInclude Include="MOItem.h">
      <Filter>Header Files</Filter>
    </ClInclude>
    <ClInclude Include="MOBuilding.h">
      <Filter>Header Files</Filter>
    </ClInclude>
    <ClInclude Include="ViewManager.h">
      <Filter>Header Files</Filter>
    </ClInclude>
    <ClInclude Include="Player.h">
      <Filter>Header Files</Filter>
    </ClInclude>
    <ClInclude Include="Hero.h">
      <Filter>Header Files</Filter>
    </ClInclude>
    <ClInclude Include="FactionSetup.h">
      <Filter>Header Files</Filter>
    </ClInclude>
    <ClInclude Include="FactionMember.h">
      <Filter>Header Files</Filter>
    </ClInclude>
    <ClInclude Include="GameLogic.h">
      <Filter>Header Files</Filter>
    </ClInclude>
    <ClInclude Include="Resources.h">
      <Filter>Header Files</Filter>
    </ClInclude>
    <ClInclude Include="CombatLogic.h">
      <Filter>Header Files</Filter>
    </ClInclude>
    <ClInclude Include="CombatResult.h">
      <Filter>Header Files</Filter>
    </ClInclude>
    <ClInclude Include="Creature.h">
      <Filter>Header Files</Filter>
    </ClInclude>
    <ClInclude Include="MOCreature.h">
      <Filter>Header Files</Filter>
    </ClInclude>
    <ClInclude Include="BIT.h">
      <Filter>Header Files</Filter>
    </ClInclude>
    <ClInclude Include="MapBlock.h">
      <Filter>Header Files</Filter>
    </ClInclude>
    <ClInclude Include="objglm\glmint.h">
      <Filter>Header Files</Filter>
    </ClInclude>
    <ClInclude Include="objglm\objglm.h">
      <Filter>Header Files</Filter>
    </ClInclude>
    <ClInclude Include="Currency.h">
      <Filter>Header Files</Filter>
    </ClInclude>
    <ClInclude Include="MOResource.h">
      <Filter>Header Files</Filter>
    </ClInclude>
    <ClInclude Include="MOMine.h">
      <Filter>Header Files</Filter>
    </ClInclude>
    <ClInclude Include="DebugParameters.h">
      <Filter>Header Files</Filter>
    </ClInclude>
    <ClInclude Include="AIPlayer.h">
      <Filter>Header Files</Filter>
    </ClInclude>
    <ClInclude Include="Pathfinder.h">
      <Filter>Header Files</Filter>
    </ClInclude>
    <ClInclude Include="MOPath.h">
      <Filter>Header Files</Filter>
    </ClInclude>
    <ClInclude Include="MOHero.h">
      <Filter>Header Files</Filter>
    </ClInclude>
    <ClInclude Include="MOCastle.h">
      <Filter>Header Files</Filter>
    </ClInclude>
    <ClInclude Include="Buildings.h">
      <Filter>Header Files</Filter>
    </ClInclude>
    <ClInclude Include="InputManager.h">
      <Filter>Header Files</Filter>
    </ClInclude>
    <ClInclude Include="UIClickableContainer.h">
      <Filter>Header Files</Filter>
    </ClInclude>
    <ClInclude Include="UICreatureContainerDouble.h">
      <Filter>Header Files</Filter>
    </ClInclude>
    <ClInclude Include="TopMenu.h">
      <Filter>Header Files</Filter>
    </ClInclude>
  </ItemGroup>
  <ItemGroup>
    <ClCompile Include="stdafx.cpp">
      <Filter>Source Files</Filter>
    </ClCompile>
    <ClCompile Include="homm3-clone.cpp">
      <Filter>Source Files</Filter>
    </ClCompile>
    <ClCompile Include="Model.cpp">
      <Filter>Source Files</Filter>
    </ClCompile>
    <ClCompile Include="UIButton.cpp">
      <Filter>Source Files</Filter>
    </ClCompile>
    <ClCompile Include="Map.cpp">
      <Filter>Source Files</Filter>
    </ClCompile>
    <ClCompile Include="MapObject.cpp">
      <Filter>Source Files</Filter>
    </ClCompile>
    <ClCompile Include="MOItem.cpp">
      <Filter>Source Files</Filter>
    </ClCompile>
    <ClCompile Include="GameLogic.cpp">
      <Filter>Source Files</Filter>
    </ClCompile>
    <ClCompile Include="Resources.cpp">
      <Filter>Source Files</Filter>
    </ClCompile>
    <ClCompile Include="CombatLogic.cpp">
      <Filter>Source Files</Filter>
    </ClCompile>
    <ClCompile Include="Creature.cpp">
      <Filter>Source Files</Filter>
    </ClCompile>
    <ClCompile Include="MapBlock.cpp">
      <Filter>Source Files</Filter>
    </ClCompile>
    <ClCompile Include="objglm\glmimg.c">
      <Filter>Source Files</Filter>
    </ClCompile>
    <ClCompile Include="objglm\glmimg_devil.c">
      <Filter>Source Files</Filter>
    </ClCompile>
    <ClCompile Include="objglm\glmimg_jpg.c">
      <Filter>Source Files</Filter>
    </ClCompile>
    <ClCompile Include="objglm\glmimg_png.c">
      <Filter>Source Files</Filter>
    </ClCompile>
    <ClCompile Include="objglm\glmimg_sdl.c">
      <Filter>Source Files</Filter>
    </ClCompile>
    <ClCompile Include="objglm\glmimg_sim.c">
      <Filter>Source Files</Filter>
    </ClCompile>
    <ClCompile Include="objglm\glm_util.c">
      <Filter>Source Files</Filter>
    </ClCompile>
    <ClCompile Include="MOResource.cpp">
      <Filter>Source Files</Filter>
    </ClCompile>
    <ClCompile Include="Hero.cpp">
      <Filter>Source Files</Filter>
    </ClCompile>
    <ClCompile Include="ViewManager.cpp">
      <Filter>Source Files</Filter>
    </ClCompile>
    <ClCompile Include="Camera.cpp">
      <Filter>Source Files</Filter>
    </ClCompile>
    <ClCompile Include="Player.cpp">
      <Filter>Source Files</Filter>
    </ClCompile>
    <ClCompile Include="AIPlayer.cpp">
      <Filter>Source Files</Filter>
    </ClCompile>
    <ClCompile Include="MOBuilding.cpp">
      <Filter>Source Files</Filter>
    </ClCompile>
    <ClCompile Include="MOMine.cpp">
      <Filter>Source Files</Filter>
    </ClCompile>
    <ClCompile Include="MOCreature.cpp">
      <Filter>Source Files</Filter>
    </ClCompile>
    <ClCompile Include="MOWall.cpp">
      <Filter>Source Files</Filter>
    </ClCompile>
    <ClCompile Include="MOEmpty.cpp">
      <Filter>Source Files</Filter>
    </ClCompile>
    <ClCompile Include="MOPath.cpp">
      <Filter>Source Files</Filter>
    </ClCompile>
    <ClCompile Include="MOHero.cpp">
      <Filter>Source Files</Filter>
    </ClCompile>
    <ClCompile Include="Pathfinder.cpp">
      <Filter>Source Files</Filter>
    </ClCompile>
    <ClCompile Include="MOCastle.cpp">
      <Filter>Source Files</Filter>
    </ClCompile>
    <ClCompile Include="objglm\objglm.c">
      <Filter>Source Files</Filter>
    </ClCompile>
    <ClCompile Include="Buildings.cpp">
      <Filter>Source Files</Filter>
    </ClCompile>
    <ClCompile Include="InputManager.cpp">
      <Filter>Source Files</Filter>
    </ClCompile>
    <ClCompile Include="Currency.cpp">
      <Filter>Source Files</Filter>
    </ClCompile>
    <ClCompile Include="FactionSetup.cpp">
      <Filter>Source Files</Filter>
    </ClCompile>
    <ClCompile Include="FactionMember.cpp">
      <Filter>Source Files</Filter>
    </ClCompile>
    <ClCompile Include="BIT.cpp">
      <Filter>Source Files</Filter>
    </ClCompile>
    <ClCompile Include="DebugParameters.cpp">
      <Filter>Source Files</Filter>
    </ClCompile>
    <ClCompile Include="UIClickableContainer.cpp">
      <Filter>Source Files</Filter>
    </ClCompile>
    <ClCompile Include="UICreatureContainerDouble.cpp">
      <Filter>Source Files</Filter>
    </ClCompile>
    <ClCompile Include="TopMenu.cpp">
      <Filter>Source Files</Filter>
    </ClCompile>
  </ItemGroup>
</Project>